
Microsoft Visual Studio Solution File, Format Version 12.00
# Visual Studio Version 17
VisualStudioVersion = 17.5.002.0
MinimumVisualStudioVersion = 10.0.40219.1
Project("{9A19103F-16F7-4668-BE54-9A1E7A4F7556}") = "FirstProject", "FirstProject\FirstProject.csproj", "{7751974C-7CBA-4610-B6C3-426DE9315084}"
EndProject
Global
	GlobalSection(SolutionConfigurationPlatforms) = preSolution
		Debug|Any CPU = Debug|Any CPU
		Release|Any CPU = Release|Any CPU
	EndGlobalSection
	GlobalSection(ProjectConfigurationPlatforms) = postSolution
		{7751974C-7CBA-4610-B6C3-426DE9315084}.Debug|Any CPU.ActiveCfg = Debug|Any CPU
		{7751974C-7CBA-4610-B6C3-426DE9315084}.Debug|Any CPU.Build.0 = Debug|Any CPU
		{7751974C-7CBA-4610-B6C3-426DE9315084}.Release|Any CPU.ActiveCfg = Release|Any CPU
		{7751974C-7CBA-4610-B6C3-426DE9315084}.Release|Any CPU.Build.0 = Release|Any CPU
	EndGlobalSection
	GlobalSection(SolutionProperties) = preSolution
		HideSolutionNode = FALSE
	EndGlobalSection
	GlobalSection(ExtensibilityGlobals) = postSolution
		SolutionGuid = {78354CA6-79F8-4429-8F8D-6FD5BFCFE1AB}
	EndGlobalSection
EndGlobal
