
Microsoft Visual Studio Solution File, Format Version 12.00
# Visual Studio Version 17
VisualStudioVersion = 17.5.002.0
MinimumVisualStudioVersion = 10.0.40219.1
Project("{9A19103F-16F7-4668-BE54-9A1E7A4F7556}") = "FirstProject", "FirstProject\FirstProject.csproj", "{7751974C-7CBA-4610-B6C3-426DE9315084}"
EndProject
Project("{FAE04EC0-301F-11D3-BF4B-00C04F79EFBC}") = "SecoundProject", "SecoundProject\SecoundProject.csproj", "{FE7FA2E7-54A2-4C90-9C82-B14DBAF60AD7}"
EndProject
Project("{FAE04EC0-301F-11D3-BF4B-00C04F79EFBC}") = "Klasy", "..\Section 3\Klasy\Klasy.csproj", "{DB95EAA4-AE85-4B42-B59F-B8B3CBF7DC68}"
EndProject
Project("{FAE04EC0-301F-11D3-BF4B-00C04F79EFBC}") = "ClassLibrary", "ClassLibrary\ClassLibrary.csproj", "{F14E155A-C4CD-4A97-8CCF-82172894A24E}"
EndProject
Global
	GlobalSection(SolutionConfigurationPlatforms) = preSolution
		Debug|Any CPU = Debug|Any CPU
		Release|Any CPU = Release|Any CPU
	EndGlobalSection
	GlobalSection(ProjectConfigurationPlatforms) = postSolution
		{7751974C-7CBA-4610-B6C3-426DE9315084}.Debug|Any CPU.ActiveCfg = Debug|Any CPU
		{7751974C-7CBA-4610-B6C3-426DE9315084}.Debug|Any CPU.Build.0 = Debug|Any CPU
		{7751974C-7CBA-4610-B6C3-426DE9315084}.Release|Any CPU.ActiveCfg = Release|Any CPU
		{7751974C-7CBA-4610-B6C3-426DE9315084}.Release|Any CPU.Build.0 = Release|Any CPU
		{FE7FA2E7-54A2-4C90-9C82-B14DBAF60AD7}.Debug|Any CPU.ActiveCfg = Debug|Any CPU
		{FE7FA2E7-54A2-4C90-9C82-B14DBAF60AD7}.Debug|Any CPU.Build.0 = Debug|Any CPU
		{FE7FA2E7-54A2-4C90-9C82-B14DBAF60AD7}.Release|Any CPU.ActiveCfg = Release|Any CPU
		{FE7FA2E7-54A2-4C90-9C82-B14DBAF60AD7}.Release|Any CPU.Build.0 = Release|Any CPU
		{DB95EAA4-AE85-4B42-B59F-B8B3CBF7DC68}.Debug|Any CPU.ActiveCfg = Debug|Any CPU
		{DB95EAA4-AE85-4B42-B59F-B8B3CBF7DC68}.Debug|Any CPU.Build.0 = Debug|Any CPU
		{DB95EAA4-AE85-4B42-B59F-B8B3CBF7DC68}.Release|Any CPU.ActiveCfg = Release|Any CPU
		{DB95EAA4-AE85-4B42-B59F-B8B3CBF7DC68}.Release|Any CPU.Build.0 = Release|Any CPU
		{F14E155A-C4CD-4A97-8CCF-82172894A24E}.Debug|Any CPU.ActiveCfg = Debug|Any CPU
		{F14E155A-C4CD-4A97-8CCF-82172894A24E}.Debug|Any CPU.Build.0 = Debug|Any CPU
		{F14E155A-C4CD-4A97-8CCF-82172894A24E}.Release|Any CPU.ActiveCfg = Release|Any CPU
		{F14E155A-C4CD-4A97-8CCF-82172894A24E}.Release|Any CPU.Build.0 = Release|Any CPU
	EndGlobalSection
	GlobalSection(SolutionProperties) = preSolution
		HideSolutionNode = FALSE
	EndGlobalSection
	GlobalSection(ExtensibilityGlobals) = postSolution
		SolutionGuid = {78354CA6-79F8-4429-8F8D-6FD5BFCFE1AB}
	EndGlobalSection
EndGlobal
